
Microsoft Visual Studio Solution File, Format Version 12.00
# Visual Studio Version 17
VisualStudioVersion = 17.4.33205.214
MinimumVisualStudioVersion = 10.0.40219.1
Project("{FAE04EC0-301F-11D3-BF4B-00C04F79EFBC}") = "xddd", "xddd.csproj", "{3192E667-114F-427A-A8F3-87F749A13BC0}"
EndProject
Global
	GlobalSection(SolutionConfigurationPlatforms) = preSolution
		Debug|Any CPU = Debug|Any CPU
		Release|Any CPU = Release|Any CPU
	EndGlobalSection
	GlobalSection(ProjectConfigurationPlatforms) = postSolution
		{3192E667-114F-427A-A8F3-87F749A13BC0}.Debug|Any CPU.ActiveCfg = Debug|Any CPU
		{3192E667-114F-427A-A8F3-87F749A13BC0}.Debug|Any CPU.Build.0 = Debug|Any CPU
		{3192E667-114F-427A-A8F3-87F749A13BC0}.Release|Any CPU.ActiveCfg = Release|Any CPU
		{3192E667-114F-427A-A8F3-87F749A13BC0}.Release|Any CPU.Build.0 = Release|Any CPU
	EndGlobalSection
	GlobalSection(SolutionProperties) = preSolution
		HideSolutionNode = FALSE
	EndGlobalSection
	GlobalSection(ExtensibilityGlobals) = postSolution
		SolutionGuid = {6973EF0A-6F8B-4D76-A63E-1AE2FAC9734A}
	EndGlobalSection
EndGlobal
